github.com/divinerites/plausible-hugo v1.22.2 h1:8RuG+GFEdZcpkdmZyzGHtnueQF1lm14K1RVaz0bYhxY=
github.com/divinerites/plausible-hugo v1.22.2/go.mod h1:cxr+YB3FUwbLon8KCs4pV4Ankbkq6lJxTQUpNb5KqPo=
github.com/google/docsy/theme v0.17.0 h1:eQaQcvg20bxI21nKylsERCK/xkCITj0Sqf3ae/NDRdo=
github.com/google/docsy/theme v0.17.0/go.mod h1:NX/JqXCbZBn9Q2Hj7ez9Xeh9z4XcLiwmDYZXhB4RhRM=
